lockfileVersion: '9.0'

settings:
  autoInstallPeers: true
  excludeLinksFromLockfile: false

importers:

  .:
    dependencies:
      '@qdrant/qdrant-js':
        specifier: ^1.15.0
        version: 1.15.0(typescript@5.8.3)
      dotenv:
        specifier: ^17.2.0
        version: 17.2.0
      openai:
        specifier: ^5.10.2
        version: 5.10.2
      uuid:
        specifier: ^11.1.0
        version: 11.1.0
    devDependencies:
      '@types/node':
        specifier: ^24.1.0
        version: 24.1.0
      typescript:
        specifier: ^5.8.3
        version: 5.8.3

packages:

  '@bufbuild/connect-node@0.10.1':
    resolution: {integrity: sha512-l70tmks+txIzggO+kPkaOQmAapiBavK3rqTGsUTIlwk2nuuq8dUCIBnhbRxgZlyF67pNA1FTzoOucv/A3RteGA==}
    engines: {node: '>=16.0.0'}
    deprecated: Connect has moved to its own org @connectrpc and has a stable v1. Run `npx @connectrpc/connect-migrate@latest` to update. See https://github.com/connectrpc/connect-es/releases/tag/v0.13.1 for details.
    peerDependencies:
      '@bufbuild/protobuf': ^1.2.1

  '@bufbuild/connect@0.10.1':
    resolution: {integrity: sha512-rqdZakAdajdSnRO342K7S3gZnUPMYXF2JsUDMA4vpR34SYdWYXiL2mclUMTaUk+EfLK04ulyejNaFAc0e5o8Qw==}
    deprecated: Connect has moved to its own org @connectrpc and has a stable v1. Run `npx @connectrpc/connect-migrate@latest` to update. See https://github.com/connectrpc/connect-es/releases/tag/v0.13.1 for details.
    peerDependencies:
      '@bufbuild/protobuf': ^1.2.1

  '@bufbuild/protobuf@1.10.1':
    resolution: {integrity: sha512-wJ8ReQbHxsAfXhrf9ixl0aYbZorRuOWpBNzm8pL8ftmSxQx/wnJD5Eg861NwJU/czy2VXFIebCeZnZrI9rktIQ==}

  '@qdrant/js-client-grpc@1.15.0':
    resolution: {integrity: sha512-oZfy/2SyAWoLltOhyqekA051xjK7O4akMqbmGUA3S6UK1BSVf7DeNaU+UElMSsxZSeosUmrC9N77e160f3zOtg==}
    engines: {node: '>=18.0.0', pnpm: '>=8'}
    peerDependencies:
      typescript: '>=4.1'

  '@qdrant/js-client-rest@1.15.0':
    resolution: {integrity: sha512-4aaEmjRbvrk//Ser+//M4NLCBBD2dwlIGWo7PPwdoWmQYlQYDc3Ey8KTiH9ZDsyufYhHX40P2jX4zHuqtdZwJw==}
    engines: {node: '>=18.17.0', pnpm: '>=8'}
    peerDependencies:
      typescript: '>=4.7'

  '@qdrant/openapi-typescript-fetch@1.2.6':
    resolution: {integrity: sha512-oQG/FejNpItrxRHoyctYvT3rwGZOnK4jr3JdppO/c78ktDvkWiPXPHNsrDf33K9sZdRb6PR7gi4noIapu5q4HA==}
    engines: {node: '>=18.0.0', pnpm: '>=8'}

  '@qdrant/qdrant-js@1.15.0':
    resolution: {integrity: sha512-p9rtqX18Mg9Ivi2rydaWiFOgWbv+B5JlKA64bixtYQx6k/avbo4UQnRdV1RLnuc9nJLYAxF5dpFhj6jnSDsP4g==}
    engines: {node: '>=18.17.0', pnpm: '>=8'}
    peerDependencies:
      typescript: '>=4.1'

  '@sevinf/maybe@0.5.0':
    resolution: {integrity: sha512-ARhyoYDnY1LES3vYI0fiG6e9esWfTNcXcO6+MPJJXcnyMV3bim4lnFt45VXouV7y82F4x3YH8nOQ6VztuvUiWg==}

  '@types/node@24.1.0':
    resolution: {integrity: sha512-ut5FthK5moxFKH2T1CUOC6ctR67rQRvvHdFLCD2Ql6KXmMuCrjsSsRI9UsLCm9M18BMwClv4pn327UvB7eeO1w==}

  dotenv@17.2.0:
    resolution: {integrity: sha512-Q4sgBT60gzd0BB0lSyYD3xM4YxrXA9y4uBDof1JNYGzOXrQdQ6yX+7XIAqoFOGQFOTK1D3Hts5OllpxMDZFONQ==}
    engines: {node: '>=12'}

  headers-polyfill@3.3.0:
    resolution: {integrity: sha512-5e57etwBpNcDc0b6KCVWEh/Ro063OxPvzVimUdM0/tsYM/T7Hfy3kknIGj78SFTOhNd8AZY41U8mOHoO4LzmIQ==}

  openai@5.10.2:
    resolution: {integrity: sha512-n+vi74LzHtvlKcDPn9aApgELGiu5CwhaLG40zxLTlFQdoSJCLACORIPC2uVQ3JEYAbqapM+XyRKFy2Thej7bIw==}
    hasBin: true
    peerDependencies:
      ws: ^8.18.0
      zod: ^3.23.8
    peerDependenciesMeta:
      ws:
        optional: true
      zod:
        optional: true

  typescript@5.8.3:
    resolution: {integrity: sha512-p1diW6TqL9L07nNxvRMM7hMMw4c5XOo/1ibL4aAIGmSAt9slTE1Xgw5KWuof2uTOvCg9BY7ZRi+GaF+7sfgPeQ==}
    engines: {node: '>=14.17'}
    hasBin: true

  undici-types@7.8.0:
    resolution: {integrity: sha512-9UJ2xGDvQ43tYyVMpuHlsgApydB8ZKfVYTsLDhXkFL/6gfkp+U8xTGdh8pMJv1SpZna0zxG1DwsKZsreLbXBxw==}

  undici@6.21.3:
    resolution: {integrity: sha512-gBLkYIlEnSp8pFbT64yFgGE6UIB9tAkhukC23PmMDCe5Nd+cRqKxSjw5y54MK2AZMgZfJWMaNE4nYUHgi1XEOw==}
    engines: {node: '>=18.17'}

  uuid@11.1.0:
    resolution: {integrity: sha512-0/A9rDy9P7cJ+8w1c9WD9V//9Wj15Ce2MPz8Ri6032usz+NfePxx5AcN3bN+r6ZL6jEo066/yNYB3tn4pQEx+A==}
    hasBin: true

snapshots:

  '@bufbuild/connect-node@0.10.1(@bufbuild/protobuf@1.10.1)':
    dependencies:
      '@bufbuild/connect': 0.10.1(@bufbuild/protobuf@1.10.1)
      '@bufbuild/protobuf': 1.10.1
      headers-polyfill: 3.3.0

  '@bufbuild/connect@0.10.1(@bufbuild/protobuf@1.10.1)':
    dependencies:
      '@bufbuild/protobuf': 1.10.1

  '@bufbuild/protobuf@1.10.1': {}

  '@qdrant/js-client-grpc@1.15.0(typescript@5.8.3)':
    dependencies:
      '@bufbuild/connect': 0.10.1(@bufbuild/protobuf@1.10.1)
      '@bufbuild/connect-node': 0.10.1(@bufbuild/protobuf@1.10.1)
      '@bufbuild/protobuf': 1.10.1
      typescript: 5.8.3

  '@qdrant/js-client-rest@1.15.0(typescript@5.8.3)':
    dependencies:
      '@qdrant/openapi-typescript-fetch': 1.2.6
      '@sevinf/maybe': 0.5.0
      typescript: 5.8.3
      undici: 6.21.3

  '@qdrant/openapi-typescript-fetch@1.2.6': {}

  '@qdrant/qdrant-js@1.15.0(typescript@5.8.3)':
    dependencies:
      '@qdrant/js-client-grpc': 1.15.0(typescript@5.8.3)
      '@qdrant/js-client-rest': 1.15.0(typescript@5.8.3)
      typescript: 5.8.3

  '@sevinf/maybe@0.5.0': {}

  '@types/node@24.1.0':
    dependencies:
      undici-types: 7.8.0

  dotenv@17.2.0: {}

  headers-polyfill@3.3.0: {}

  openai@5.10.2: {}

  typescript@5.8.3: {}

  undici-types@7.8.0: {}

  undici@6.21.3: {}

  uuid@11.1.0: {}
